
Microsoft Visual Studio Solution File, Format Version 12.00
# Visual Studio 2013
VisualStudioVersion = 12.0.21005.1
MinimumVisualStudioVersion = 10.0.40219.1
Project("{FAE04EC0-301F-11D3-BF4B-00C04F79EFBC}") = "BL", "BL\BL.csproj", "{E9201370-C27F-469D-9071-D5C4BAB4493E}"
EndProject
Project("{FAE04EC0-301F-11D3-BF4B-00C04F79EFBC}") = "ML", "ML\ML.csproj", "{6B7F7B5E-D4FB-4832-9AEA-E5AE8874FACC}"
EndProject
Project("{FAE04EC0-301F-11D3-BF4B-00C04F79EFBC}") = "DL", "DL\DL.csproj", "{44CBE2DB-894F-4B05-A17A-9F338B151CBF}"
EndProject
Project("{FAE04EC0-301F-11D3-BF4B-00C04F79EFBC}") = "PL", "PL\PL.csproj", "{A2915FED-0A4D-4194-9F87-3691975B9197}"
EndProject
Global
	GlobalSection(SolutionConfigurationPlatforms) = preSolution
		Debug|Any CPU = Debug|Any CPU
		Release|Any CPU = Release|Any CPU
	EndGlobalSection
	GlobalSection(ProjectConfigurationPlatforms) = postSolution
		{E9201370-C27F-469D-9071-D5C4BAB4493E}.Debug|Any CPU.ActiveCfg = Debug|Any CPU
		{E9201370-C27F-469D-9071-D5C4BAB4493E}.Debug|Any CPU.Build.0 = Debug|Any CPU
		{E9201370-C27F-469D-9071-D5C4BAB4493E}.Release|Any CPU.ActiveCfg = Release|Any CPU
		{E9201370-C27F-469D-9071-D5C4BAB4493E}.Release|Any CPU.Build.0 = Release|Any CPU
		{6B7F7B5E-D4FB-4832-9AEA-E5AE8874FACC}.Debug|Any CPU.ActiveCfg = Debug|Any CPU
		{6B7F7B5E-D4FB-4832-9AEA-E5AE8874FACC}.Debug|Any CPU.Build.0 = Debug|Any CPU
		{6B7F7B5E-D4FB-4832-9AEA-E5AE8874FACC}.Release|Any CPU.ActiveCfg = Release|Any CPU
		{6B7F7B5E-D4FB-4832-9AEA-E5AE8874FACC}.Release|Any CPU.Build.0 = Release|Any CPU
		{44CBE2DB-894F-4B05-A17A-9F338B151CBF}.Debug|Any CPU.ActiveCfg = Debug|Any CPU
		{44CBE2DB-894F-4B05-A17A-9F338B151CBF}.Debug|Any CPU.Build.0 = Debug|Any CPU
		{44CBE2DB-894F-4B05-A17A-9F338B151CBF}.Release|Any CPU.ActiveCfg = Release|Any CPU
		{44CBE2DB-894F-4B05-A17A-9F338B151CBF}.Release|Any CPU.Build.0 = Release|Any CPU
		{A2915FED-0A4D-4194-9F87-3691975B9197}.Debug|Any CPU.ActiveCfg = Debug|Any CPU
		{A2915FED-0A4D-4194-9F87-3691975B9197}.Debug|Any CPU.Build.0 = Debug|Any CPU
		{A2915FED-0A4D-4194-9F87-3691975B9197}.Release|Any CPU.ActiveCfg = Release|Any CPU
		{A2915FED-0A4D-4194-9F87-3691975B9197}.Release|Any CPU.Build.0 = Release|Any CPU
	EndGlobalSection
	GlobalSection(SolutionProperties) = preSolution
		HideSolutionNode = FALSE
	EndGlobalSection
EndGlobal
